// !$*UTF8*$!
{
	archiveVersion = 1;
	classes = {
	};
	objectVersion = 50;
	objects = {

/* Begin PBXBuildFile section */
		3F614F5621F2E94600410EB9 /* AppDelegate.swift in Sources */ = {isa = PBXBuildFile; fileRef = 3F614F5521F2E94600410EB9 /* AppDelegate.swift */; };
		3F614F5821F2E94600410EB9 /* ViewController.swift in Sources */ = {isa = PBXBuildFile; fileRef = 3F614F5721F2E94600410EB9 /* ViewController.swift */; };
		3F614F5B21F2E94600410EB9 /* Main.storyboard in Resources */ = {isa = PBXBuildFile; fileRef = 3F614F5921F2E94600410EB9 /* Main.storyboard */; };
		3F614F5D21F2E94700410EB9 /* Assets.xcassets in Resources */ = {isa = PBXBuildFile; fileRef = 3F614F5C21F2E94700410EB9 /* Assets.xcassets */; };
		3F614F6021F2E94700410EB9 /* LaunchScreen.storyboard in Resources */ = {isa = PBXBuildFile; fileRef = 3F614F5E21F2E94700410EB9 /* LaunchScreen.storyboard */; };
		3F614F6B21F2E94700410EB9 /* Concentration_gameTests.swift in Sources */ = {isa = PBXBuildFile; fileRef = 3F614F6A21F2E94700410EB9 /* Concentration_gameTests.swift */; };
		3F614F7621F2E94700410EB9 /* Concentration_gameUITests.swift in Sources */ = {isa = PBXBuildFile; fileRef = 3F614F7521F2E94700410EB9 /* Concentration_gameUITests.swift */; };
/* End PBXBuildFile section */

/* Begin PBXContainerItemProxy section */
		3F614F6721F2E94700410EB9 /* PBXContainerItemProxy */ = {
			isa = PBXContainerItemProxy;
			containerPortal = 3F614F4A21F2E94600410EB9 /* Project object */;
			proxyType = 1;
			remoteGlobalIDString = 3F614F5121F2E94600410EB9;
			remoteInfo = "Concentration game";
		};
		3F614F7221F2E94700410EB9 /* PBXContainerItemProxy */ = {
			isa = PBXContainerItemProxy;
			containerPortal = 3F614F4A21F2E94600410EB9 /* Project object */;
			proxyType = 1;
			remoteGlobalIDString = 3F614F5121F2E94600410EB9;
			remoteInfo = "Concentration game";
		};
/* End PBXContainerItemProxy section */

/* Begin PBXFileReference section */
		3F614F5221F2E94600410EB9 /* Concentration game.app */ = {isa = PBXFileReference; explicitFileType = wrapper.application; includeInIndex = 0; path = "Concentration game.app"; sourceTree = BUILT_PRODUCTS_DIR; };
		3F614F5521F2E94600410EB9 /* AppDelegate.swift */ = {isa = PBXFileReference; lastKnownFileType = sourcecode.swift; path = AppDelegate.swift; sourceTree = "<group>"; };
		3F614F5721F2E94600410EB9 /* ViewController.swift */ = {isa = PBXFileReference; lastKnownFileType = sourcecode.swift; path = ViewController.swift; sourceTree = "<group>"; };
		3F614F5A21F2E94600410EB9 /* Base */ = {isa = PBXFileReference; lastKnownFileType = file.storyboard; name = Base; path = Base.lproj/Main.storyboard; sourceTree = "<group>"; };
		3F614F5C21F2E94700410EB9 /* Assets.xcassets */ = {isa = PBXFileReference; lastKnownFileType = folder.assetcatalog; path = Assets.xcassets; sourceTree = "<group>"; };
		3F614F5F21F2E94700410EB9 /* Base */ = {isa = PBXFileReference; lastKnownFileType = file.storyboard; name = Base; path = Base.lproj/LaunchScreen.storyboard; sourceTree = "<group>"; };
		3F614F6121F2E94700410EB9 /* Info.plist */ = {isa = PBXFileReference; lastKnownFileType = text.plist.xml; path = Info.plist; sourceTree = "<group>"; };
		3F614F6621F2E94700410EB9 /* Concentration gameTests.xctest */ = {isa = PBXFileReference; explicitFileType = wrapper.cfbundle; includeInIndex = 0; path = "Concentration gameTests.xctest"; sourceTree = BUILT_PRODUCTS_DIR; };
		3F614F6A21F2E94700410EB9 /* Concentration_gameTests.swift */ = {isa = PBXFileReference; lastKnownFileType = sourcecode.swift; path = Concentration_gameTests.swift; sourceTree = "<group>"; };
		3F614F6C21F2E94700410EB9 /* Info.plist */ = {isa = PBXFileReference; lastKnownFileType = text.plist.xml; path = Info.plist; sourceTree = "<group>"; };
		3F614F7121F2E94700410EB9 /* Concentration gameUITests.xctest */ = {isa = PBXFileReference; explicitFileType = wrapper.cfbundle; includeInIndex = 0; path = "Concentration gameUITests.xctest"; sourceTree = BUILT_PRODUCTS_DIR; };
		3F614F7521F2E94700410EB9 /* Concentration_gameUITests.swift */ = {isa = PBXFileReference; lastKnownFileType = sourcecode.swift; path = Concentration_gameUITests.swift; sourceTree = "<group>"; };
		3F614F7721F2E94700410EB9 /* Info.plist */ = {isa = PBXFileReference; lastKnownFileType = text.plist.xml; path = Info.plist; sourceTree = "<group>"; };
/* End PBXFileReference section */

/* Begin PBXFrameworksBuildPhase section */
		3F614F4F21F2E94600410EB9 /* Frameworks */ = {
			isa = PBXFrameworksBuildPhase;
			buildActionMask = 2147483647;
			files = (
			);
			runOnlyForDeploymentPostprocessing = 0;
		};
		3F614F6321F2E94700410EB9 /* Frameworks */ = {
			isa = PBXFrameworksBuildPhase;
			buildActionMask = 2147483647;
			files = (
			);
			runOnlyForDeploymentPostprocessing = 0;
		};
		3F614F6E21F2E94700410EB9 /* Frameworks */ = {
			isa = PBXFrameworksBuildPhase;
			buildActionMask = 2147483647;
			files = (
			);
			runOnlyForDeploymentPostprocessing = 0;
		};
/* End PBXFrameworksBuildPhase section */

/* Begin PBXGroup section */
		3F614F4921F2E94600410EB9 = {
			isa = PBXGroup;
			children = (
				3F614F5421F2E94600410EB9 /* Concentration game */,
				3F614F6921F2E94700410EB9 /* Concentration gameTests */,
				3F614F7421F2E94700410EB9 /* Concentration gameUITests */,
				3F614F5321F2E94600410EB9 /* Products */,
			);
			sourceTree = "<group>";
		};
		3F614F5321F2E94600410EB9 /* Products */ = {
			isa = PBXGroup;
			children = (
				3F614F5221F2E94600410EB9 /* Concentration game.app */,
				3F614F6621F2E94700410EB9 /* Concentration gameTests.xctest */,
				3F614F7121F2E94700410EB9 /* Concentration gameUITests.xctest */,
			);
			name = Products;
			sourceTree = "<group>";
		};
		3F614F5421F2E94600410EB9 /* Concentration game */ = {
			isa = PBXGroup;
			children = (
				3F614F5521F2E94600410EB9 /* AppDelegate.swift */,
				3F614F5721F2E94600410EB9 /* ViewController.swift */,
				3F614F5921F2E94600410EB9 /* Main.storyboard */,
				3F614F5C21F2E94700410EB9 /* Assets.xcassets */,
				3F614F5E21F2E94700410EB9 /* LaunchScreen.storyboard */,
				3F614F6121F2E94700410EB9 /* Info.plist */,
			);
			path = "Concentration game";
			sourceTree = "<group>";
		};
		3F614F6921F2E94700410EB9 /* Concentration gameTests */ = {
			isa = PBXGroup;
			children = (
				3F614F6A21F2E94700410EB9 /* Concentration_gameTests.swift */,
				3F614F6C21F2E94700410EB9 /* Info.plist */,
			);
			path = "Concentration gameTests";
			sourceTree = "<group>";
		};
		3F614F7421F2E94700410EB9 /* Concentration gameUITests */ = {
			isa = PBXGroup;
			children = (
				3F614F7521F2E94700410EB9 /* Concentration_gameUITests.swift */,
				3F614F7721F2E94700410EB9 /* Info.plist */,
			);
			path = "Concentration gameUITests";
			sourceTree = "<group>";
		};
/* End PBXGroup section */

/* Begin PBXNativeTarget section */
		3F614F5121F2E94600410EB9 /* Concentration game */ = {
			isa = PBXNativeTarget;
			buildConfigurationList = 3F614F7A21F2E94700410EB9 /* Build configuration list for PBXNativeTarget "Concentration game" */;
			buildPhases = (
				3F614F4E21F2E94600410EB9 /* Sources */,
				3F614F4F21F2E94600410EB9 /* Frameworks */,
				3F614F5021F2E94600410EB9 /* Resources */,
			);
			buildRules = (
			);
			dependencies = (
			);
			name = "Concentration game";
			productName = "Concentration game";
			productReference = 3F614F5221F2E94600410EB9 /* Concentration game.app */;
			productType = "com.apple.product-type.application";
		};
		3F614F6521F2E94700410EB9 /* Concentration gameTests */ = {
			isa = PBXNativeTarget;
			buildConfigurationList = 3F614F7D21F2E94700410EB9 /* Build configuration list for PBXNativeTarget "Concentration gameTests" */;
			buildPhases = (
				3F614F6221F2E94700410EB9 /* Sources */,
				3F614F6321F2E94700410EB9 /* Frameworks */,
				3F614F6421F2E94700410EB9 /* Resources */,
			);
			buildRules = (
			);
			dependencies = (
				3F614F6821F2E94700410EB9 /* PBXTargetDependency */,
			);
			name = "Concentration gameTests";
			productName = "Concentration gameTests";
			productReference = 3F614F6621F2E94700410EB9 /* Concentration gameTests.xctest */;
			productType = "com.apple.product-type.bundle.unit-test";
		};
		3F614F7021F2E94700410EB9 /* Concentration gameUITests */ = {
			isa = PBXNativeTarget;
			buildConfigurationList = 3F614F8021F2E94700410EB9 /* Build configuration list for PBXNativeTarget "Concentration gameUITests" */;
			buildPhases = (
				3F614F6D21F2E94700410EB9 /* Sources */,
				3F614F6E21F2E94700410EB9 /* Frameworks */,
				3F614F6F21F2E94700410EB9 /* Resources */,
			);
			buildRules = (
			);
			dependencies = (
				3F614F7321F2E94700410EB9 /* PBXTargetDependency */,
			);
			name = "Concentration gameUITests";
			productName = "Concentration gameUITests";
			productReference = 3F614F7121F2E94700410EB9 /* Concentration gameUITests.xctest */;
			productType = "com.apple.product-type.bundle.ui-testing";
		};
/* End PBXNativeTarget section */

/* Begin PBXProject section */
		3F614F4A21F2E94600410EB9 /* Project object */ = {
			isa = PBXProject;
			attributes = {
				LastSwiftUpdateCheck = 0940;
				LastUpgradeCheck = 0940;
				ORGANIZATIONNAME = student;
				TargetAttributes = {
					3F614F5121F2E94600410EB9 = {
						CreatedOnToolsVersion = 9.4.1;
					};
					3F614F6521F2E94700410EB9 = {
						CreatedOnToolsVersion = 9.4.1;
						TestTargetID = 3F614F5121F2E94600410EB9;
					};
					3F614F7021F2E94700410EB9 = {
						CreatedOnToolsVersion = 9.4.1;
						TestTargetID = 3F614F5121F2E94600410EB9;
					};
				};
			};
			buildConfigurationList = 3F614F4D21F2E94600410EB9 /* Build configuration list for PBXProject "Concentration game" */;
			compatibilityVersion = "Xcode 9.3";
			developmentRegion = en;
			hasScannedForEncodings = 0;
			knownRegions = (
				en,
				Base,
			);
			mainGroup = 3F614F4921F2E94600410EB9;
			productRefGroup = 3F614F5321F2E94600410EB9 /* Products */;
			projectDirPath = "";
			projectRoot = "";
			targets = (
				3F614F5121F2E94600410EB9 /* Concentration game */,
				3F614F6521F2E94700410EB9 /* Concentration gameTests */,
				3F614F7021F2E94700410EB9 /* Concentration gameUITests */,
			);
		};
/* End PBXProject section */

/* Begin PBXResourcesBuildPhase section */
		3F614F5021F2E94600410EB9 /* Resources */ = {
			isa = PBXResourcesBuildPhase;
			buildActionMask = 2147483647;
			files = (
				3F614F6021F2E94700410EB9 /* LaunchScreen.storyboard in Resources */,
				3F614F5D21F2E94700410EB9 /* Assets.xcassets in Resources */,
				3F614F5B21F2E94600410EB9 /* Main.storyboard in Resources */,
			);
			runOnlyForDeploymentPostprocessing = 0;
		};
		3F614F6421F2E94700410EB9 /* Resources */ = {
			isa = PBXResourcesBuildPhase;
			buildActionMask = 2147483647;
			files = (
			);
			runOnlyForDeploymentPostprocessing = 0;
		};
		3F614F6F21F2E94700410EB9 /* Resources */ = {
			isa = PBXResourcesBuildPhase;
			buildActionMask = 2147483647;
			files = (
			);
			runOnlyForDeploymentPostprocessing = 0;
		};
/* End PBXResourcesBuildPhase section */

/* Begin PBXSourcesBuildPhase section */
		3F614F4E21F2E94600410EB9 /* Sources */ = {
			isa = PBXSourcesBuildPhase;
			buildActionMask = 2147483647;
			files = (
				3F614F5821F2E94600410EB9 /* ViewController.swift in Sources */,
				3F614F5621F2E94600410EB9 /* AppDelegate.swift in Sources */,
			);
			runOnlyForDeploymentPostprocessing = 0;
		};
		3F614F6221F2E94700410EB9 /* Sources */ = {
			isa = PBXSourcesBuildPhase;
			buildActionMask = 2147483647;
			files = (
				3F614F6B21F2E94700410EB9 /* Concentration_gameTests.swift in Sources */,
			);
			runOnlyForDeploymentPostprocessing = 0;
		};
		3F614F6D21F2E94700410EB9 /* Sources */ = {
			isa = PBXSourcesBuildPhase;
			buildActionMask = 2147483647;
			files = (
				3F614F7621F2E94700410EB9 /* Concentration_gameUITests.swift in Sources */,
			);
			runOnlyForDeploymentPostprocessing = 0;
		};
/* End PBXSourcesBuildPhase section */

/* Begin PBXTargetDependency section */
		3F614F6821F2E94700410EB9 /* PBXTargetDependency */ = {
			isa = PBXTargetDependency;
			target = 3F614F5121F2E94600410EB9 /* Concentration game */;
			targetProxy = 3F614F6721F2E94700410EB9 /* PBXContainerItemProxy */;
		};
		3F614F7321F2E94700410EB9 /* PBXTargetDependency */ = {
			isa = PBXTargetDependency;
			target = 3F614F5121F2E94600410EB9 /* Concentration game */;
			targetProxy = 3F614F7221F2E94700410EB9 /* PBXContainerItemProxy */;
		};
/* End PBXTargetDependency section */

/* Begin PBXVariantGroup section */
		3F614F5921F2E94600410EB9 /* Main.storyboard */ = {
			isa = PBXVariantGroup;
			children = (
				3F614F5A21F2E94600410EB9 /* Base */,
			);
			name = Main.storyboard;
			sourceTree = "<group>";
		};
		3F614F5E21F2E94700410EB9 /* LaunchScreen.storyboard */ = {
			isa = PBXVariantGroup;
			children = (
				3F614F5F21F2E94700410EB9 /* Base */,
			);
			name = LaunchScreen.storyboard;
			sourceTree = "<group>";
		};
/* End PBXVariantGroup section */

/* Begin XCBuildConfiguration section */
		3F614F7821F2E94700410EB9 /* Debug */ = {
			isa = XCBuildConfiguration;
			buildSettings = {
				ALWAYS_SEARCH_USER_PATHS = NO;
				CLANG_ANALYZER_NONNULL = YES;
				CLANG_ANALYZER_NUMBER_OBJECT_CONVERSION = YES_AGGRESSIVE;
				CLANG_CXX_LANGUAGE_STANDARD = "gnu++14";
				CLANG_CXX_LIBRARY = "libc++";
				CLANG_ENABLE_MODULES = YES;
				CLANG_ENABLE_OBJC_ARC = YES;
				CLANG_ENABLE_OBJC_WEAK = YES;
				CLANG_WARN_BLOCK_CAPTURE_AUTORELEASING = YES;
				CLANG_WARN_BOOL_CONVERSION = YES;
				CLANG_WARN_COMMA = YES;
				CLANG_WARN_CONSTANT_CONVERSION = YES;
				CLANG_WARN_DEPRECATED_OBJC_IMPLEMENTATIONS = YES;
				CLANG_WARN_DIRECT_OBJC_ISA_USAGE = YES_ERROR;
				CLANG_WARN_DOCUMENTATION_COMMENTS = YES;
				CLANG_WARN_EMPTY_BODY = YES;
				CLANG_WARN_ENUM_CONVERSION = YES;
				CLANG_WARN_INFINITE_RECURSION = YES;
				CLANG_WARN_INT_CONVERSION = YES;
				CLANG_WARN_NON_LITERAL_NULL_CONVERSION = YES;
				CLANG_WARN_OBJC_IMPLICIT_RETAIN_SELF = YES;
				CLANG_WARN_OBJC_LITERAL_CONVERSION = YES;
				CLANG_WARN_OBJC_ROOT_CLASS = YES_ERROR;
				CLANG_WARN_RANGE_LOOP_ANALYSIS = YES;
				CLANG_WARN_STRICT_PROTOTYPES = YES;
				CLANG_WARN_SUSPICIOUS_MOVE = YES;
				CLANG_WARN_UNGUARDED_AVAILABILITY = YES_AGGRESSIVE;
				CLANG_WARN_UNREACHABLE_CODE = YES;
				CLANG_WARN__DUPLICATE_METHOD_MATCH = YES;
				CODE_SIGN_IDENTITY = "iPhone Developer";
				COPY_PHASE_STRIP = NO;
				DEBUG_INFORMATION_FORMAT = dwarf;
				ENABLE_STRICT_OBJC_MSGSEND = YES;
				ENABLE_TESTABILITY = YES;
				GCC_C_LANGUAGE_STANDARD = gnu11;
				GCC_DYNAMIC_NO_PIC = NO;
				GCC_NO_COMMON_BLOCKS = YES;
				GCC_OPTIMIZATION_LEVEL = 0;
				GCC_PREPROCESSOR_DEFINITIONS = (
					"DEBUG=1",
					"$(inherited)",
				);
				GCC_WARN_64_TO_32_BIT_CONVERSION = YES;
				GCC_WARN_ABOUT_RETURN_TYPE = YES_ERROR;
				GCC_WARN_UNDECLARED_SELECTOR = YES;
				GCC_WARN_UNINITIALIZED_AUTOS = YES_AGGRESSIVE;
				GCC_WARN_UNUSED_FUNCTION = YES;
				GCC_WARN_UNUSED_VARIABLE = YES;
				IPHONEOS_DEPLOYMENT_TARGET = 11.4;
				MTL_ENABLE_DEBUG_INFO = YES;
				ONLY_ACTIVE_ARCH = YES;
				SDKROOT = iphoneos;
				SWIFT_ACTIVE_COMPILATION_CONDITIONS = DEBUG;
				SWIFT_OPTIMIZATION_LEVEL = "-Onone";
			};
			name = Debug;
		};
		3F614F7921F2E94700410EB9 /* Release */ = {
			isa = XCBuildConfiguration;
			buildSettings = {
				ALWAYS_SEARCH_USER_PATHS = NO;
				CLANG_ANALYZER_NONNULL = YES;
				CLANG_ANALYZER_NUMBER_OBJECT_CONVERSION = YES_AGGRESSIVE;
				CLANG_CXX_LANGUAGE_STANDARD = "gnu++14";
				CLANG_CXX_LIBRARY = "libc++";
				CLANG_ENABLE_MODULES = YES;
				CLANG_ENABLE_OBJC_ARC = YES;
				CLANG_ENABLE_OBJC_WEAK = YES;
				CLANG_WARN_BLOCK_CAPTURE_AUTORELEASING = YES;
				CLANG_WARN_BOOL_CONVERSION = YES;
				CLANG_WARN_COMMA = YES;
				CLANG_WARN_CONSTANT_CONVERSION = YES;
				CLANG_WARN_DEPRECATED_OBJC_IMPLEMENTATIONS = YES;
				CLANG_WARN_DIRECT_OBJC_ISA_USAGE = YES_ERROR;
				CLANG_WARN_DOCUMENTATION_COMMENTS = YES;
				CLANG_WARN_EMPTY_BODY = YES;
				CLANG_WARN_ENUM_CONVERSION = YES;
				CLANG_WARN_INFINITE_RECURSION = YES;
				CLANG_WARN_INT_CONVERSION = YES;
				CLANG_WARN_NON_LITERAL_NULL_CONVERSION = YES;
				CLANG_WARN_OBJC_IMPLICIT_RETAIN_SELF = YES;
				CLANG_WARN_OBJC_LITERAL_CONVERSION = YES;
				CLANG_WARN_OBJC_ROOT_CLASS = YES_ERROR;
				CLANG_WARN_RANGE_LOOP_ANALYSIS = YES;
				CLANG_WARN_STRICT_PROTOTYPES = YES;
				CLANG_WARN_SUSPICIOUS_MOVE = YES;
				CLANG_WARN_UNGUARDED_AVAILABILITY = YES_AGGRESSIVE;
				CLANG_WARN_UNREACHABLE_CODE = YES;
				CLANG_WARN__DUPLICATE_METHOD_MATCH = YES;
				CODE_SIGN_IDENTITY = "iPhone Developer";
				COPY_PHASE_STRIP = NO;
				DEBUG_INFORMATION_FORMAT = "dwarf-with-dsym";
				ENABLE_NS_ASSERTIONS = NO;
				ENABLE_STRICT_OBJC_MSGSEND = YES;
				GCC_C_LANGUAGE_STANDARD = gnu11;
				GCC_NO_COMMON_BLOCKS = YES;
				GCC_WARN_64_TO_32_BIT_CONVERSION = YES;
				GCC_WARN_ABOUT_RETURN_TYPE = YES_ERROR;
				GCC_WARN_UNDECLARED_SELECTOR = YES;
				GCC_WARN_UNINITIALIZED_AUTOS = YES_AGGRESSIVE;
				GCC_WARN_UNUSED_FUNCTION = YES;
				GCC_WARN_UNUSED_VARIABLE = YES;
				IPHONEOS_DEPLOYMENT_TARGET = 11.4;
				MTL_ENABLE_DEBUG_INFO = NO;
				SDKROOT = iphoneos;
				SWIFT_COMPILATION_MODE = wholemodule;
				SWIFT_OPTIMIZATION_LEVEL = "-O";
				VALIDATE_PRODUCT = YES;
			};
			name = Release;
		};
		3F614F7B21F2E94700410EB9 /* Debug */ = {
			isa = XCBuildConfiguration;
			buildSettings = {
				ASSETCATALOG_COMPILER_APPICON_NAME = AppIcon;
				CODE_SIGN_STYLE = Automatic;
				INFOPLIST_FILE = "Concentration game/Info.plist";
				LD_RUNPATH_SEARCH_PATHS = (
					"$(inherited)",
					"@executable_path/Frameworks",
				);
				PRODUCT_BUNDLE_IDENTIFIER = "mit.Concentration-game";
				PRODUCT_NAME = "$(TARGET_NAME)";
				SWIFT_VERSION = 4.0;
				TARGETED_DEVICE_FAMILY = "1,2";
			};
			name = Debug;
		};
		3F614F7C21F2E94700410EB9 /* Release */ = {
			isa = XCBuildConfiguration;
			buildSettings = {
				ASSETCATALOG_COMPILER_APPICON_NAME = AppIcon;
				CODE_SIGN_STYLE = Automatic;
				INFOPLIST_FILE = "Concentration game/Info.plist";
				LD_RUNPATH_SEARCH_PATHS = (
					"$(inherited)",
					"@executable_path/Frameworks",
				);
				PRODUCT_BUNDLE_IDENTIFIER = "mit.Concentration-game";
				PRODUCT_NAME = "$(TARGET_NAME)";
				SWIFT_VERSION = 4.0;
				TARGETED_DEVICE_FAMILY = "1,2";
			};
			name = Release;
		};
		3F614F7E21F2E94700410EB9 /* Debug */ = {
			isa = XCBuildConfiguration;
			buildSettings = {
				ALWAYS_EMBED_SWIFT_STANDARD_LIBRARIES = YES;
				BUNDLE_LOADER = "$(TEST_HOST)";
				CODE_SIGN_STYLE = Automatic;
				INFOPLIST_FILE = "Concentration gameTests/Info.plist";
				LD_RUNPATH_SEARCH_PATHS = (
					"$(inherited)",
					"@executable_path/Frameworks",
					"@loader_path/Frameworks",
				);
				PRODUCT_BUNDLE_IDENTIFIER = "mit.Concentration-gameTests";
				PRODUCT_NAME = "$(TARGET_NAME)";
				SWIFT_VERSION = 4.0;
				TARGETED_DEVICE_FAMILY = "1,2";
				TEST_HOST = "$(BUILT_PRODUCTS_DIR)/Concentration game.app/Concentration game";
			};
			name = Debug;
		};
		3F614F7F21F2E94700410EB9 /* Release */ = {
			isa = XCBuildConfiguration;
			buildSettings = {
				ALWAYS_EMBED_SWIFT_STANDARD_LIBRARIES = YES;
				BUNDLE_LOADER = "$(TEST_HOST)";
				CODE_SIGN_STYLE = Automatic;
				INFOPLIST_FILE = "Concentration gameTests/Info.plist";
				LD_RUNPATH_SEARCH_PATHS = (
					"$(inherited)",
					"@executable_path/Frameworks",
					"@loader_path/Frameworks",
				);
				PRODUCT_BUNDLE_IDENTIFIER = "mit.Concentration-gameTests";
				PRODUCT_NAME = "$(TARGET_NAME)";
				SWIFT_VERSION = 4.0;
				TARGETED_DEVICE_FAMILY = "1,2";
				TEST_HOST = "$(BUILT_PRODUCTS_DIR)/Concentration game.app/Concentration game";
			};
			name = Release;
		};
		3F614F8121F2E94700410EB9 /* Debug */ = {
			isa = XCBuildConfiguration;
			buildSettings = {
				ALWAYS_EMBED_SWIFT_STANDARD_LIBRARIES = YES;
				CODE_SIGN_STYLE = Automatic;
				INFOPLIST_FILE = "Concentration gameUITests/Info.plist";
				LD_RUNPATH_SEARCH_PATHS = (
					"$(inherited)",
					"@executable_path/Frameworks",
					"@loader_path/Frameworks",
				);
				PRODUCT_BUNDLE_IDENTIFIER = "mit.Concentration-gameUITests";
				PRODUCT_NAME = "$(TARGET_NAME)";
				SWIFT_VERSION = 4.0;
				TARGETED_DEVICE_FAMILY = "1,2";
				TEST_TARGET_NAME = "Concentration game";
			};
			name = Debug;
		};
		3F614F8221F2E94700410EB9 /* Release */ = {
			isa = XCBuildConfiguration;
			buildSettings = {
				ALWAYS_EMBED_SWIFT_STANDARD_LIBRARIES = YES;
				CODE_SIGN_STYLE = Automatic;
				INFOPLIST_FILE = "Concentration gameUITests/Info.plist";
				LD_RUNPATH_SEARCH_PATHS = (
					"$(inherited)",
					"@executable_path/Frameworks",
					"@loader_path/Frameworks",
				);
				PRODUCT_BUNDLE_IDENTIFIER = "mit.Concentration-gameUITests";
				PRODUCT_NAME = "$(TARGET_NAME)";
				SWIFT_VERSION = 4.0;
				TARGETED_DEVICE_FAMILY = "1,2";
				TEST_TARGET_NAME = "Concentration game";
			};
			name = Release;
		};
/* End XCBuildConfiguration section */

/* Begin XCConfigurationList section */
		3F614F4D21F2E94600410EB9 /* Build configuration list for PBXProject "Concentration game" */ = {
			isa = XCConfigurationList;
			buildConfigurations = (
				3F614F7821F2E94700410EB9 /* Debug */,
				3F614F7921F2E94700410EB9 /* Release */,
			);
			defaultConfigurationIsVisible = 0;
			defaultConfigurationName = Release;
		};
		3F614F7A21F2E94700410EB9 /* Build configuration list for PBXNativeTarget "Concentration game" */ = {
			isa = XCConfigurationList;
			buildConfigurations = (
				3F614F7B21F2E94700410EB9 /* Debug */,
				3F614F7C21F2E94700410EB9 /* Release */,
			);
			defaultConfigurationIsVisible = 0;
			defaultConfigurationName = Release;
		};
		3F614F7D21F2E94700410EB9 /* Build configuration list for PBXNativeTarget "Concentration gameTests" */ = {
			isa = XCConfigurationList;
			buildConfigurations = (
				3F614F7E21F2E94700410EB9 /* Debug */,
				3F614F7F21F2E94700410EB9 /* Release */,
			);
			defaultConfigurationIsVisible = 0;
			defaultConfigurationName = Release;
		};
		3F614F8021F2E94700410EB9 /* Build configuration list for PBXNativeTarget "Concentration gameUITests" */ = {
			isa = XCConfigurationList;
			buildConfigurations = (
				3F614F8121F2E94700410EB9 /* Debug */,
				3F614F8221F2E94700410EB9 /* Release */,
			);
			defaultConfigurationIsVisible = 0;
			defaultConfigurationName = Release;
		};
/* End XCConfigurationList section */
	};
	rootObject = 3F614F4A21F2E94600410EB9 /* Project object */;
}
